
Microsoft Visual Studio Solution File, Format Version 12.00
# Visual Studio Version 16
VisualStudioVersion = 16.0.30621.155
MinimumVisualStudioVersion = 10.0.40219.1
Project("{8BC9CEB8-8B4A-11D0-8D11-00A0C91BC942}") = "Lab11.3", "Lab11.3\Lab11.3.vcxproj", "{A9FDA063-2AA9-40F4-9CBB-1F371678CF14}"
EndProject
Global
	GlobalSection(SolutionConfigurationPlatforms) = preSolution
		Debug|x64 = Debug|x64
		Debug|x86 = Debug|x86
		Release|x64 = Release|x64
		Release|x86 = Release|x86
	EndGlobalSection
	GlobalSection(ProjectConfigurationPlatforms) = postSolution
		{A9FDA063-2AA9-40F4-9CBB-1F371678CF14}.Debug|x64.ActiveCfg = Debug|x64
		{A9FDA063-2AA9-40F4-9CBB-1F371678CF14}.Debug|x64.Build.0 = Debug|x64
		{A9FDA063-2AA9-40F4-9CBB-1F371678CF14}.Debug|x86.ActiveCfg = Debug|Win32
		{A9FDA063-2AA9-40F4-9CBB-1F371678CF14}.Debug|x86.Build.0 = Debug|Win32
		{A9FDA063-2AA9-40F4-9CBB-1F371678CF14}.Release|x64.ActiveCfg = Release|x64
		{A9FDA063-2AA9-40F4-9CBB-1F371678CF14}.Release|x64.Build.0 = Release|x64
		{A9FDA063-2AA9-40F4-9CBB-1F371678CF14}.Release|x86.ActiveCfg = Release|Win32
		{A9FDA063-2AA9-40F4-9CBB-1F371678CF14}.Release|x86.Build.0 = Release|Win32
	EndGlobalSection
	GlobalSection(SolutionProperties) = preSolution
		HideSolutionNode = FALSE
	EndGlobalSection
	GlobalSection(ExtensibilityGlobals) = postSolution
		SolutionGuid = {8B6E73D2-7D51-4D75-8762-02B22B791C4D}
	EndGlobalSection
EndGlobal
