
Microsoft Visual Studio Solution File, Format Version 12.00
# Visual Studio Version 16
VisualStudioVersion = 16.0.30717.126
MinimumVisualStudioVersion = 10.0.40219.1
Project("{8BC9CEB8-8B4A-11D0-8D11-00A0C91BC942}") = "Lab15.4", "Lab15.4\Lab15.4.vcxproj", "{6AAB0C2D-ADC4-40B8-9DFC-9DCA84C644CD}"
EndProject
Global
	GlobalSection(SolutionConfigurationPlatforms) = preSolution
		Debug|x64 = Debug|x64
		Debug|x86 = Debug|x86
		Release|x64 = Release|x64
		Release|x86 = Release|x86
	EndGlobalSection
	GlobalSection(ProjectConfigurationPlatforms) = postSolution
		{6AAB0C2D-ADC4-40B8-9DFC-9DCA84C644CD}.Debug|x64.ActiveCfg = Debug|x64
		{6AAB0C2D-ADC4-40B8-9DFC-9DCA84C644CD}.Debug|x64.Build.0 = Debug|x64
		{6AAB0C2D-ADC4-40B8-9DFC-9DCA84C644CD}.Debug|x86.ActiveCfg = Debug|Win32
		{6AAB0C2D-ADC4-40B8-9DFC-9DCA84C644CD}.Debug|x86.Build.0 = Debug|Win32
		{6AAB0C2D-ADC4-40B8-9DFC-9DCA84C644CD}.Release|x64.ActiveCfg = Release|x64
		{6AAB0C2D-ADC4-40B8-9DFC-9DCA84C644CD}.Release|x64.Build.0 = Release|x64
		{6AAB0C2D-ADC4-40B8-9DFC-9DCA84C644CD}.Release|x86.ActiveCfg = Release|Win32
		{6AAB0C2D-ADC4-40B8-9DFC-9DCA84C644CD}.Release|x86.Build.0 = Release|Win32
	EndGlobalSection
	GlobalSection(SolutionProperties) = preSolution
		HideSolutionNode = FALSE
	EndGlobalSection
	GlobalSection(ExtensibilityGlobals) = postSolution
		SolutionGuid = {D8C332AA-C657-434F-8BA2-EFBC4CD04D1D}
	EndGlobalSection
EndGlobal
